
Microsoft Visual Studio Solution File, Format Version 12.00
# Visual Studio Version 17
VisualStudioVersion = 17.7.34031.279
MinimumVisualStudioVersion = 10.0.40219.1
Project("{9A19103F-16F7-4668-BE54-9A1E7A4F7556}") = "ProcessMonitor.ApiMonitorFunctions", "ProcessMonitor.ApiMonitorFuntions\ProcessMonitor.ApiMonitorFunctions.csproj", "{BA262740-B1F0-4B59-AFE7-56BDC2BC83F8}"
EndProject
Project("{FAE04EC0-301F-11D3-BF4B-00C04F79EFBC}") = "ProcessMonitor.Domain", "ProcessMonitor.Domain\ProcessMonitor.Domain.csproj", "{2A9DDA6D-EB70-4AD7-93EA-D79E2AA7D216}"
EndProject
Global
	GlobalSection(SolutionConfigurationPlatforms) = preSolution
		Debug|Any CPU = Debug|Any CPU
		Release|Any CPU = Release|Any CPU
	EndGlobalSection
	GlobalSection(ProjectConfigurationPlatforms) = postSolution
		{BA262740-B1F0-4B59-AFE7-56BDC2BC83F8}.Debug|Any CPU.ActiveCfg = Debug|Any CPU
		{BA262740-B1F0-4B59-AFE7-56BDC2BC83F8}.Debug|Any CPU.Build.0 = Debug|Any CPU
		{BA262740-B1F0-4B59-AFE7-56BDC2BC83F8}.Release|Any CPU.ActiveCfg = Release|Any CPU
		{BA262740-B1F0-4B59-AFE7-56BDC2BC83F8}.Release|Any CPU.Build.0 = Release|Any CPU
		{2A9DDA6D-EB70-4AD7-93EA-D79E2AA7D216}.Debug|Any CPU.ActiveCfg = Debug|Any CPU
		{2A9DDA6D-EB70-4AD7-93EA-D79E2AA7D216}.Debug|Any CPU.Build.0 = Debug|Any CPU
		{2A9DDA6D-EB70-4AD7-93EA-D79E2AA7D216}.Release|Any CPU.ActiveCfg = Release|Any CPU
		{2A9DDA6D-EB70-4AD7-93EA-D79E2AA7D216}.Release|Any CPU.Build.0 = Release|Any CPU
	EndGlobalSection
	GlobalSection(SolutionProperties) = preSolution
		HideSolutionNode = FALSE
	EndGlobalSection
	GlobalSection(ExtensibilityGlobals) = postSolution
		SolutionGuid = {4510E509-7122-4ED2-9C7E-AC0B9878DAF4}
	EndGlobalSection
EndGlobal
